{
    "version": 3,
    "terraform_version": "0.11.7",
    "serial": 3,
    "lineage": "fdbebed3-95c3-c13a-21d0-4bcd9265fbc6",
    "modules": [
        {
            "path": [
                "root"
            ],
            "outputs": {},
            "resources": {
                "aws_customer_gateway.aws-cgw": {
                    "type": "aws_customer_gateway",
                    "depends_on": [
                        "google_compute_address.gcp-vpn-ip"
                    ],
                    "primary": {
                        "id": "cgw-06e818004428cd454",
                        "attributes": {
                            "bgp_asn": "65000",
                            "id": "cgw-06e818004428cd454",
                            "ip_address": "35.246.48.236",
                            "tags.%": "1",
                            "tags.Name": "aws-customer-gw",
                            "type": "ipsec.1"
                        },
                        "meta": {},
                        "tainted": false
                    },
                    "deposed": [],
                    "provider": "provider.aws"
                },
                "aws_default_route_table.aws-vpc": {
                    "type": "aws_default_route_table",
                    "depends_on": [
                        "aws_vpn_gateway.aws-vpn-gw"
                    ],
                    "primary": {
                        "id": "rtb-ce3424ac",
                        "attributes": {
                            "default_route_table_id": "rtb-ce3424ac",
                            "id": "rtb-ce3424ac",
                            "propagating_vgws.#": "1",
                            "propagating_vgws.457252024": "vgw-085782d26359500e9",
                            "route.#": "1",
                            "route.1646971836.cidr_block": "0.0.0.0/0",
                            "route.1646971836.egress_only_gateway_id": "",
                            "route.1646971836.gateway_id": "igw-f4584c96",
                            "route.1646971836.instance_id": "",
                            "route.1646971836.ipv6_cidr_block": "",
                            "route.1646971836.nat_gateway_id": "",
                            "route.1646971836.network_interface_id": "",
                            "route.1646971836.vpc_peering_connection_id": "",
                            "tags.%": "0",
                            "vpc_id": "vpc-1a051478"
                        },
                        "meta": {},
                        "tainted": false
                    },
                    "deposed": [],
                    "provider": "provider.aws"
                },
                "aws_security_group.aws-allow-icmp": {
                    "type": "aws_security_group",
                    "depends_on": [],
                    "primary": {
                        "id": "sg-0241548f7c11c6c77",
                        "attributes": {
                            "arn": "arn:aws:ec2:eu-west-1:702255574419:security-group/sg-0241548f7c11c6c77",
                            "description": "Allow icmp access from anywhere",
                            "egress.#": "0",
                            "id": "sg-0241548f7c11c6c77",
                            "ingress.#": "1",
                            "ingress.3068409405.cidr_blocks.#": "1",
                            "ingress.3068409405.cidr_blocks.0": "0.0.0.0/0",
                            "ingress.3068409405.description": "",
                            "ingress.3068409405.from_port": "8",
                            "ingress.3068409405.ipv6_cidr_blocks.#": "0",
                            "ingress.3068409405.protocol": "icmp",
                            "ingress.3068409405.security_groups.#": "0",
                            "ingress.3068409405.self": "false",
                            "ingress.3068409405.to_port": "0",
                            "name": "aws-allow-icmp",
                            "owner_id": "702255574419",
                            "revoke_rules_on_delete": "false",
                            "tags.%": "0",
                            "vpc_id": "vpc-1a051478"
                        },
                        "meta": {
                            "e2bfb730-ecaa-11e6-8f88-34363bc7c4c0": {
                                "create": 600000000000,
                                "delete": 600000000000
                            },
                            "schema_version": "1"
                        },
                        "tainted": false
                    },
                    "deposed": [],
                    "provider": "provider.aws"
                },
                "aws_security_group.aws-allow-internet": {
                    "type": "aws_security_group",
                    "depends_on": [],
                    "primary": {
                        "id": "sg-00a00f068e4be2fa3",
                        "attributes": {
                            "arn": "arn:aws:ec2:eu-west-1:702255574419:security-group/sg-00a00f068e4be2fa3",
                            "description": "Allow http traffic from the internet",
                            "egress.#": "1",
                            "egress.482069346.cidr_blocks.#": "1",
                            "egress.482069346.cidr_blocks.0": "0.0.0.0/0",
                            "egress.482069346.description": "",
                            "egress.482069346.from_port": "0",
                            "egress.482069346.ipv6_cidr_blocks.#": "0",
                            "egress.482069346.prefix_list_ids.#": "0",
                            "egress.482069346.protocol": "-1",
                            "egress.482069346.security_groups.#": "0",
                            "egress.482069346.self": "false",
                            "egress.482069346.to_port": "0",
                            "id": "sg-00a00f068e4be2fa3",
                            "ingress.#": "1",
                            "ingress.2214680975.cidr_blocks.#": "1",
                            "ingress.2214680975.cidr_blocks.0": "0.0.0.0/0",
                            "ingress.2214680975.description": "",
                            "ingress.2214680975.from_port": "80",
                            "ingress.2214680975.ipv6_cidr_blocks.#": "0",
                            "ingress.2214680975.protocol": "tcp",
                            "ingress.2214680975.security_groups.#": "0",
                            "ingress.2214680975.self": "false",
                            "ingress.2214680975.to_port": "80",
                            "name": "aws-allow-internet",
                            "owner_id": "702255574419",
                            "revoke_rules_on_delete": "false",
                            "tags.%": "0",
                            "vpc_id": "vpc-1a051478"
                        },
                        "meta": {
                            "e2bfb730-ecaa-11e6-8f88-34363bc7c4c0": {
                                "create": 600000000000,
                                "delete": 600000000000
                            },
                            "schema_version": "1"
                        },
                        "tainted": false
                    },
                    "deposed": [],
                    "provider": "provider.aws"
                },
                "aws_security_group.aws-allow-ssh": {
                    "type": "aws_security_group",
                    "depends_on": [],
                    "primary": {
                        "id": "sg-0553ba38f1096f0e5",
                        "attributes": {
                            "arn": "arn:aws:ec2:eu-west-1:702255574419:security-group/sg-0553ba38f1096f0e5",
                            "description": "Allow ssh access from anywhere",
                            "egress.#": "0",
                            "id": "sg-0553ba38f1096f0e5",
                            "ingress.#": "1",
                            "ingress.2541437006.cidr_blocks.#": "1",
                            "ingress.2541437006.cidr_blocks.0": "0.0.0.0/0",
                            "ingress.2541437006.description": "",
                            "ingress.2541437006.from_port": "22",
                            "ingress.2541437006.ipv6_cidr_blocks.#": "0",
                            "ingress.2541437006.protocol": "tcp",
                            "ingress.2541437006.security_groups.#": "0",
                            "ingress.2541437006.self": "false",
                            "ingress.2541437006.to_port": "22",
                            "name": "aws-allow-ssh",
                            "owner_id": "702255574419",
                            "revoke_rules_on_delete": "false",
                            "tags.%": "0",
                            "vpc_id": "vpc-1a051478"
                        },
                        "meta": {
                            "e2bfb730-ecaa-11e6-8f88-34363bc7c4c0": {
                                "create": 600000000000,
                                "delete": 600000000000
                            },
                            "schema_version": "1"
                        },
                        "tainted": false
                    },
                    "deposed": [],
                    "provider": "provider.aws"
                },
                "aws_security_group.aws-allow-vpn": {
                    "type": "aws_security_group",
                    "depends_on": [],
                    "primary": {
                        "id": "sg-09413af9cdd55051d",
                        "attributes": {
                            "arn": "arn:aws:ec2:eu-west-1:702255574419:security-group/sg-09413af9cdd55051d",
                            "description": "Allow all traffic from vpn resources",
                            "egress.#": "0",
                            "id": "sg-09413af9cdd55051d",
                            "ingress.#": "1",
                            "ingress.4135841703.cidr_blocks.#": "1",
                            "ingress.4135841703.cidr_blocks.0": "10.154.0.0/20",
                            "ingress.4135841703.description": "",
                            "ingress.4135841703.from_port": "0",
                            "ingress.4135841703.ipv6_cidr_blocks.#": "0",
                            "ingress.4135841703.protocol": "-1",
                            "ingress.4135841703.security_groups.#": "0",
                            "ingress.4135841703.self": "false",
                            "ingress.4135841703.to_port": "0",
                            "name": "aws-allow-vpn",
                            "owner_id": "702255574419",
                            "revoke_rules_on_delete": "false",
                            "tags.%": "0",
                            "vpc_id": "vpc-1a051478"
                        },
                        "meta": {
                            "e2bfb730-ecaa-11e6-8f88-34363bc7c4c0": {
                                "create": 600000000000,
                                "delete": 600000000000
                            },
                            "schema_version": "1"
                        },
                        "tainted": false
                    },
                    "deposed": [],
                    "provider": "provider.aws"
                },
                "aws_vpn_connection.aws-vpn-connection1": {
                    "type": "aws_vpn_connection",
                    "depends_on": [
                        "aws_customer_gateway.aws-cgw",
                        "aws_vpn_gateway.aws-vpn-gw"
                    ],
                    "primary": {
                        "id": "vpn-04a8777b9632b145f",
                        "attributes": {
                            "customer_gateway_configuration": "\u003c?xml version=\"1.0\" encoding=\"UTF-8\"?\u003e\n\u003cvpn_connection id=\"vpn-04a8777b9632b145f\"\u003e\n  \u003ccustomer_gateway_id\u003ecgw-06e818004428cd454\u003c/customer_gateway_id\u003e\n  \u003cvpn_gateway_id\u003evgw-085782d26359500e9\u003c/vpn_gateway_id\u003e\n  \u003cvpn_connection_type\u003eipsec.1\u003c/vpn_connection_type\u003e\n  \u003cipsec_tunnel\u003e\n    \u003ccustomer_gateway\u003e\n      \u003ctunnel_outside_address\u003e\n        \u003cip_address\u003e35.246.48.236\u003c/ip_address\u003e\n      \u003c/tunnel_outside_address\u003e\n      \u003ctunnel_inside_address\u003e\n        \u003cip_address\u003e169.254.20.206\u003c/ip_address\u003e\n        \u003cnetwork_mask\u003e255.255.255.252\u003c/network_mask\u003e\n        \u003cnetwork_cidr\u003e30\u003c/network_cidr\u003e\n      \u003c/tunnel_inside_address\u003e\n      \u003cbgp\u003e\n        \u003casn\u003e65000\u003c/asn\u003e\n        \u003chold_time\u003e30\u003c/hold_time\u003e\n      \u003c/bgp\u003e\n    \u003c/customer_gateway\u003e\n    \u003cvpn_gateway\u003e\n      \u003ctunnel_outside_address\u003e\n        \u003cip_address\u003e54.246.148.146\u003c/ip_address\u003e\n      \u003c/tunnel_outside_address\u003e\n      \u003ctunnel_inside_address\u003e\n        \u003cip_address\u003e169.254.20.205\u003c/ip_address\u003e\n        \u003cnetwork_mask\u003e255.255.255.252\u003c/network_mask\u003e\n        \u003cnetwork_cidr\u003e30\u003c/network_cidr\u003e\n      \u003c/tunnel_inside_address\u003e\n      \u003cbgp\u003e\n        \u003casn\u003e64512\u003c/asn\u003e\n        \u003chold_time\u003e30\u003c/hold_time\u003e\n      \u003c/bgp\u003e\n    \u003c/vpn_gateway\u003e\n    \u003cike\u003e\n      \u003cauthentication_protocol\u003esha1\u003c/authentication_protocol\u003e\n      \u003cencryption_protocol\u003eaes-128-cbc\u003c/encryption_protocol\u003e\n      \u003clifetime\u003e28800\u003c/lifetime\u003e\n      \u003cperfect_forward_secrecy\u003egroup2\u003c/perfect_forward_secrecy\u003e\n      \u003cmode\u003emain\u003c/mode\u003e\n      \u003cpre_shared_key\u003eu8UdEBael3dGRuBwJWT0BPBRN2iqfunC\u003c/pre_shared_key\u003e\n    \u003c/ike\u003e\n    \u003cipsec\u003e\n      \u003cprotocol\u003eesp\u003c/protocol\u003e\n      \u003cauthentication_protocol\u003ehmac-sha1-96\u003c/authentication_protocol\u003e\n      \u003cencryption_protocol\u003eaes-128-cbc\u003c/encryption_protocol\u003e\n      \u003clifetime\u003e3600\u003c/lifetime\u003e\n      \u003cperfect_forward_secrecy\u003egroup2\u003c/perfect_forward_secrecy\u003e\n      \u003cmode\u003etunnel\u003c/mode\u003e\n      \u003cclear_df_bit\u003etrue\u003c/clear_df_bit\u003e\n      \u003cfragmentation_before_encryption\u003etrue\u003c/fragmentation_before_encryption\u003e\n      \u003ctcp_mss_adjustment\u003e1379\u003c/tcp_mss_adjustment\u003e\n      \u003cdead_peer_detection\u003e\n        \u003cinterval\u003e10\u003c/interval\u003e\n        \u003cretries\u003e3\u003c/retries\u003e\n      \u003c/dead_peer_detection\u003e\n    \u003c/ipsec\u003e\n  \u003c/ipsec_tunnel\u003e\n  \u003cipsec_tunnel\u003e\n    \u003ccustomer_gateway\u003e\n      \u003ctunnel_outside_address\u003e\n        \u003cip_address\u003e35.246.48.236\u003c/ip_address\u003e\n      \u003c/tunnel_outside_address\u003e\n      \u003ctunnel_inside_address\u003e\n        \u003cip_address\u003e169.254.20.114\u003c/ip_address\u003e\n        \u003cnetwork_mask\u003e255.255.255.252\u003c/network_mask\u003e\n        \u003cnetwork_cidr\u003e30\u003c/network_cidr\u003e\n      \u003c/tunnel_inside_address\u003e\n      \u003cbgp\u003e\n        \u003casn\u003e65000\u003c/asn\u003e\n        \u003chold_time\u003e30\u003c/hold_time\u003e\n      \u003c/bgp\u003e\n    \u003c/customer_gateway\u003e\n    \u003cvpn_gateway\u003e\n      \u003ctunnel_outside_address\u003e\n        \u003cip_address\u003e63.34.150.200\u003c/ip_address\u003e\n      \u003c/tunnel_outside_address\u003e\n      \u003ctunnel_inside_address\u003e\n        \u003cip_address\u003e169.254.20.113\u003c/ip_address\u003e\n        \u003cnetwork_mask\u003e255.255.255.252\u003c/network_mask\u003e\n        \u003cnetwork_cidr\u003e30\u003c/network_cidr\u003e\n      \u003c/tunnel_inside_address\u003e\n      \u003cbgp\u003e\n        \u003casn\u003e64512\u003c/asn\u003e\n        \u003chold_time\u003e30\u003c/hold_time\u003e\n      \u003c/bgp\u003e\n    \u003c/vpn_gateway\u003e\n    \u003cike\u003e\n      \u003cauthentication_protocol\u003esha1\u003c/authentication_protocol\u003e\n      \u003cencryption_protocol\u003eaes-128-cbc\u003c/encryption_protocol\u003e\n      \u003clifetime\u003e28800\u003c/lifetime\u003e\n      \u003cperfect_forward_secrecy\u003egroup2\u003c/perfect_forward_secrecy\u003e\n      \u003cmode\u003emain\u003c/mode\u003e\n      \u003cpre_shared_key\u003e_95JljshWujHiWO2L0OR8eVwoUc6B5Aj\u003c/pre_shared_key\u003e\n    \u003c/ike\u003e\n    \u003cipsec\u003e\n      \u003cprotocol\u003eesp\u003c/protocol\u003e\n      \u003cauthentication_protocol\u003ehmac-sha1-96\u003c/authentication_protocol\u003e\n      \u003cencryption_protocol\u003eaes-128-cbc\u003c/encryption_protocol\u003e\n      \u003clifetime\u003e3600\u003c/lifetime\u003e\n      \u003cperfect_forward_secrecy\u003egroup2\u003c/perfect_forward_secrecy\u003e\n      \u003cmode\u003etunnel\u003c/mode\u003e\n      \u003cclear_df_bit\u003etrue\u003c/clear_df_bit\u003e\n      \u003cfragmentation_before_encryption\u003etrue\u003c/fragmentation_before_encryption\u003e\n      \u003ctcp_mss_adjustment\u003e1379\u003c/tcp_mss_adjustment\u003e\n      \u003cdead_peer_detection\u003e\n        \u003cinterval\u003e10\u003c/interval\u003e\n        \u003cretries\u003e3\u003c/retries\u003e\n      \u003c/dead_peer_detection\u003e\n    \u003c/ipsec\u003e\n  \u003c/ipsec_tunnel\u003e\n\u003c/vpn_connection\u003e",
                            "customer_gateway_id": "cgw-06e818004428cd454",
                            "id": "vpn-04a8777b9632b145f",
                            "routes.#": "0",
                            "static_routes_only": "false",
                            "tags.%": "1",
                            "tags.Name": "aws-vpn-connection1",
                            "tunnel1_address": "54.246.148.146",
                            "tunnel1_bgp_asn": "64512",
                            "tunnel1_bgp_holdtime": "30",
                            "tunnel1_cgw_inside_address": "169.254.20.206",
                            "tunnel1_preshared_key": "u8UdEBael3dGRuBwJWT0BPBRN2iqfunC",
                            "tunnel1_vgw_inside_address": "169.254.20.205",
                            "tunnel2_address": "63.34.150.200",
                            "tunnel2_bgp_asn": "64512",
                            "tunnel2_bgp_holdtime": "30",
                            "tunnel2_cgw_inside_address": "169.254.20.114",
                            "tunnel2_preshared_key": "_95JljshWujHiWO2L0OR8eVwoUc6B5Aj",
                            "tunnel2_vgw_inside_address": "169.254.20.113",
                            "type": "ipsec.1",
                            "vgw_telemetry.#": "2",
                            "vgw_telemetry.2128107854.accepted_route_count": "0",
                            "vgw_telemetry.2128107854.last_status_change": "2019-01-30 16:42:30 +0000 UTC",
                            "vgw_telemetry.2128107854.outside_ip_address": "63.34.150.200",
                            "vgw_telemetry.2128107854.status": "DOWN",
                            "vgw_telemetry.2128107854.status_message": "IPSEC IS DOWN",
                            "vgw_telemetry.3100340883.accepted_route_count": "0",
                            "vgw_telemetry.3100340883.last_status_change": "2019-01-30 16:40:38 +0000 UTC",
                            "vgw_telemetry.3100340883.outside_ip_address": "54.246.148.146",
                            "vgw_telemetry.3100340883.status": "DOWN",
                            "vgw_telemetry.3100340883.status_message": "IPSEC IS DOWN",
                            "vpn_gateway_id": "vgw-085782d26359500e9"
                        },
                        "meta": {},
                        "tainted": false
                    },
                    "deposed": [],
                    "provider": "provider.aws"
                },
                "aws_vpn_gateway.aws-vpn-gw": {
                    "type": "aws_vpn_gateway",
                    "depends_on": [],
                    "primary": {
                        "id": "vgw-085782d26359500e9",
                        "attributes": {
                            "amazon_side_asn": "64512",
                            "id": "vgw-085782d26359500e9",
                            "tags.%": "0",
                            "vpc_id": "vpc-1a051478"
                        },
                        "meta": {},
                        "tainted": false
                    },
                    "deposed": [],
                    "provider": "provider.aws"
                },
                "google_compute_address.gcp-vpn-ip": {
                    "type": "google_compute_address",
                    "depends_on": [],
                    "primary": {
                        "id": "kudos-spikes/europe-west2/gcp-vpn-ip",
                        "attributes": {
                            "address": "35.246.48.236",
                            "address_type": "EXTERNAL",
                            "creation_timestamp": "2019-01-30T08:37:43.951-08:00",
                            "description": "",
                            "id": "kudos-spikes/europe-west2/gcp-vpn-ip",
                            "name": "gcp-vpn-ip",
                            "network_tier": "PREMIUM",
                            "project": "kudos-spikes",
                            "region": "europe-west2",
                            "self_link": "https://www.googleapis.com/compute/v1/projects/kudos-spikes/regions/europe-west2/addresses/gcp-vpn-ip",
                            "subnetwork": "",
                            "users.#": "0"
                        },
                        "meta": {
                            "e2bfb730-ecaa-11e6-8f88-34363bc7c4c0": {
                                "create": 240000000000,
                                "delete": 240000000000
                            }
                        },
                        "tainted": false
                    },
                    "deposed": [],
                    "provider": "provider.google"
                },
                "google_compute_firewall.gcp-allow-icmp": {
                    "type": "google_compute_firewall",
                    "depends_on": [],
                    "primary": {
                        "id": "default-gcp-allow-icmp",
                        "attributes": {
                            "allow.#": "1",
                            "allow.1367131964.ports.#": "0",
                            "allow.1367131964.protocol": "icmp",
                            "deny.#": "0",
                            "description": "",
                            "destination_ranges.#": "0",
                            "direction": "INGRESS",
                            "disabled": "false",
                            "id": "default-gcp-allow-icmp",
                            "name": "default-gcp-allow-icmp",
                            "network": "https://www.googleapis.com/compute/v1/projects/kudos-spikes/global/networks/default",
                            "priority": "1000",
                            "project": "kudos-spikes",
                            "self_link": "https://www.googleapis.com/compute/v1/projects/kudos-spikes/global/firewalls/default-gcp-allow-icmp",
                            "source_ranges.#": "1",
                            "source_ranges.1080289494": "0.0.0.0/0",
                            "source_service_accounts.#": "0",
                            "source_tags.#": "0",
                            "target_service_accounts.#": "0",
                            "target_tags.#": "0"
                        },
                        "meta": {
                            "schema_version": "1"
                        },
                        "tainted": false
                    },
                    "deposed": [],
                    "provider": "provider.google"
                },
                "google_compute_firewall.gcp-allow-internet": {
                    "type": "google_compute_firewall",
                    "depends_on": [],
                    "primary": {
                        "id": "default-gcp-allow-internet",
                        "attributes": {
                            "allow.#": "1",
                            "allow.272637744.ports.#": "1",
                            "allow.272637744.ports.0": "80",
                            "allow.272637744.protocol": "tcp",
                            "deny.#": "0",
                            "description": "",
                            "destination_ranges.#": "0",
                            "direction": "INGRESS",
                            "disabled": "false",
                            "id": "default-gcp-allow-internet",
                            "name": "default-gcp-allow-internet",
                            "network": "https://www.googleapis.com/compute/v1/projects/kudos-spikes/global/networks/default",
                            "priority": "1000",
                            "project": "kudos-spikes",
                            "self_link": "https://www.googleapis.com/compute/v1/projects/kudos-spikes/global/firewalls/default-gcp-allow-internet",
                            "source_ranges.#": "1",
                            "source_ranges.1080289494": "0.0.0.0/0",
                            "source_service_accounts.#": "0",
                            "source_tags.#": "0",
                            "target_service_accounts.#": "0",
                            "target_tags.#": "0"
                        },
                        "meta": {
                            "schema_version": "1"
                        },
                        "tainted": false
                    },
                    "deposed": [],
                    "provider": "provider.google"
                },
                "google_compute_firewall.gcp-allow-ssh": {
                    "type": "google_compute_firewall",
                    "depends_on": [],
                    "primary": {
                        "id": "default-gcp-allow-ssh",
                        "attributes": {
                            "allow.#": "1",
                            "allow.803338340.ports.#": "1",
                            "allow.803338340.ports.0": "22",
                            "allow.803338340.protocol": "tcp",
                            "deny.#": "0",
                            "description": "",
                            "destination_ranges.#": "0",
                            "direction": "INGRESS",
                            "disabled": "false",
                            "id": "default-gcp-allow-ssh",
                            "name": "default-gcp-allow-ssh",
                            "network": "https://www.googleapis.com/compute/v1/projects/kudos-spikes/global/networks/default",
                            "priority": "1000",
                            "project": "kudos-spikes",
                            "self_link": "https://www.googleapis.com/compute/v1/projects/kudos-spikes/global/firewalls/default-gcp-allow-ssh",
                            "source_ranges.#": "1",
                            "source_ranges.1080289494": "0.0.0.0/0",
                            "source_service_accounts.#": "0",
                            "source_tags.#": "0",
                            "target_service_accounts.#": "0",
                            "target_tags.#": "0"
                        },
                        "meta": {
                            "schema_version": "1"
                        },
                        "tainted": false
                    },
                    "deposed": [],
                    "provider": "provider.google"
                },
                "google_compute_firewall.gcp-allow-vpn": {
                    "type": "google_compute_firewall",
                    "depends_on": [],
                    "primary": {
                        "id": "default-gcp-allow-vpn",
                        "attributes": {
                            "allow.#": "2",
                            "allow.2250996047.ports.#": "1",
                            "allow.2250996047.ports.0": "0-65535",
                            "allow.2250996047.protocol": "tcp",
                            "allow.884285603.ports.#": "1",
                            "allow.884285603.ports.0": "0-65535",
                            "allow.884285603.protocol": "udp",
                            "deny.#": "0",
                            "description": "",
                            "destination_ranges.#": "0",
                            "direction": "INGRESS",
                            "disabled": "false",
                            "id": "default-gcp-allow-vpn",
                            "name": "default-gcp-allow-vpn",
                            "network": "https://www.googleapis.com/compute/v1/projects/kudos-spikes/global/networks/default",
                            "priority": "1000",
                            "project": "kudos-spikes",
                            "self_link": "https://www.googleapis.com/compute/v1/projects/kudos-spikes/global/firewalls/default-gcp-allow-vpn",
                            "source_ranges.#": "1",
                            "source_ranges.3854007479": "172.31.0.0/16",
                            "source_service_accounts.#": "0",
                            "source_tags.#": "0",
                            "target_service_accounts.#": "0",
                            "target_tags.#": "0"
                        },
                        "meta": {
                            "schema_version": "1"
                        },
                        "tainted": false
                    },
                    "deposed": [],
                    "provider": "provider.google"
                },
                "google_compute_forwarding_rule.fr_esp": {
                    "type": "google_compute_forwarding_rule",
                    "depends_on": [
                        "google_compute_address.gcp-vpn-ip",
                        "google_compute_vpn_gateway.gcp-vpn-gw"
                    ],
                    "primary": {
                        "id": "fr-esp",
                        "attributes": {
                            "backend_service": "",
                            "creation_timestamp": "2019-01-30T08:37:56.138-08:00",
                            "description": "",
                            "id": "fr-esp",
                            "ip_address": "35.246.48.236",
                            "ip_protocol": "ESP",
                            "ip_version": "",
                            "label_fingerprint": "42WmSpB8rSM=",
                            "labels.%": "0",
                            "load_balancing_scheme": "EXTERNAL",
                            "name": "fr-esp",
                            "network": "",
                            "network_tier": "PREMIUM",
                            "port_range": "",
                            "ports.#": "0",
                            "project": "kudos-spikes",
                            "region": "europe-west2",
                            "self_link": "https://www.googleapis.com/compute/v1/projects/kudos-spikes/regions/europe-west2/forwardingRules/fr-esp",
                            "service_label": "",
                            "service_name": "",
                            "subnetwork": "",
                            "target": "https://www.googleapis.com/compute/beta/projects/kudos-spikes/regions/europe-west2/targetVpnGateways/gcp-vpn-gw-europe-west2"
                        },
                        "meta": {
                            "e2bfb730-ecaa-11e6-8f88-34363bc7c4c0": {
                                "create": 240000000000,
                                "delete": 240000000000,
                                "update": 240000000000
                            }
                        },
                        "tainted": false
                    },
                    "deposed": [],
                    "provider": "provider.google"
                },
                "google_compute_forwarding_rule.fr_udp4500": {
                    "type": "google_compute_forwarding_rule",
                    "depends_on": [
                        "google_compute_address.gcp-vpn-ip",
                        "google_compute_vpn_gateway.gcp-vpn-gw"
                    ],
                    "primary": {
                        "id": "fr-udp4500",
                        "attributes": {
                            "backend_service": "",
                            "creation_timestamp": "2019-01-30T08:37:57.732-08:00",
                            "description": "",
                            "id": "fr-udp4500",
                            "ip_address": "35.246.48.236",
                            "ip_protocol": "UDP",
                            "ip_version": "",
                            "label_fingerprint": "42WmSpB8rSM=",
                            "labels.%": "0",
                            "load_balancing_scheme": "EXTERNAL",
                            "name": "fr-udp4500",
                            "network": "",
                            "network_tier": "PREMIUM",
                            "port_range": "4500-4500",
                            "ports.#": "0",
                            "project": "kudos-spikes",
                            "region": "europe-west2",
                            "self_link": "https://www.googleapis.com/compute/v1/projects/kudos-spikes/regions/europe-west2/forwardingRules/fr-udp4500",
                            "service_label": "",
                            "service_name": "",
                            "subnetwork": "",
                            "target": "https://www.googleapis.com/compute/beta/projects/kudos-spikes/regions/europe-west2/targetVpnGateways/gcp-vpn-gw-europe-west2"
                        },
                        "meta": {
                            "e2bfb730-ecaa-11e6-8f88-34363bc7c4c0": {
                                "create": 240000000000,
                                "delete": 240000000000,
                                "update": 240000000000
                            }
                        },
                        "tainted": false
                    },
                    "deposed": [],
                    "provider": "provider.google"
                },
                "google_compute_forwarding_rule.fr_udp500": {
                    "type": "google_compute_forwarding_rule",
                    "depends_on": [
                        "google_compute_address.gcp-vpn-ip",
                        "google_compute_vpn_gateway.gcp-vpn-gw"
                    ],
                    "primary": {
                        "id": "fr-udp500",
                        "attributes": {
                            "backend_service": "",
                            "creation_timestamp": "2019-01-30T08:37:56.846-08:00",
                            "description": "",
                            "id": "fr-udp500",
                            "ip_address": "35.246.48.236",
                            "ip_protocol": "UDP",
                            "ip_version": "",
                            "label_fingerprint": "42WmSpB8rSM=",
                            "labels.%": "0",
                            "load_balancing_scheme": "EXTERNAL",
                            "name": "fr-udp500",
                            "network": "",
                            "network_tier": "PREMIUM",
                            "port_range": "500-500",
                            "ports.#": "0",
                            "project": "kudos-spikes",
                            "region": "europe-west2",
                            "self_link": "https://www.googleapis.com/compute/v1/projects/kudos-spikes/regions/europe-west2/forwardingRules/fr-udp500",
                            "service_label": "",
                            "service_name": "",
                            "subnetwork": "",
                            "target": "https://www.googleapis.com/compute/beta/projects/kudos-spikes/regions/europe-west2/targetVpnGateways/gcp-vpn-gw-europe-west2"
                        },
                        "meta": {
                            "e2bfb730-ecaa-11e6-8f88-34363bc7c4c0": {
                                "create": 240000000000,
                                "delete": 240000000000,
                                "update": 240000000000
                            }
                        },
                        "tainted": false
                    },
                    "deposed": [],
                    "provider": "provider.google"
                },
                "google_compute_router.gcp-router1": {
                    "type": "google_compute_router",
                    "depends_on": [
                        "aws_customer_gateway.aws-cgw"
                    ],
                    "primary": {
                        "id": "europe-west2/gcp-router1",
                        "attributes": {
                            "bgp.#": "1",
                            "bgp.0.advertise_mode": "DEFAULT",
                            "bgp.0.advertised_groups.#": "0",
                            "bgp.0.advertised_ip_ranges.#": "0",
                            "bgp.0.asn": "65000",
                            "creation_timestamp": "2019-01-30T08:38:08.689-08:00",
                            "description": "",
                            "id": "europe-west2/gcp-router1",
                            "name": "gcp-router1",
                            "network": "https://www.googleapis.com/compute/v1/projects/kudos-spikes/global/networks/default",
                            "project": "kudos-spikes",
                            "region": "europe-west2",
                            "self_link": "https://www.googleapis.com/compute/v1/projects/kudos-spikes/regions/europe-west2/routers/gcp-router1"
                        },
                        "meta": {
                            "e2bfb730-ecaa-11e6-8f88-34363bc7c4c0": {
                                "create": 240000000000,
                                "delete": 240000000000,
                                "update": 240000000000
                            }
                        },
                        "tainted": false
                    },
                    "deposed": [],
                    "provider": "provider.google"
                },
                "google_compute_router.gcp-router2": {
                    "type": "google_compute_router",
                    "depends_on": [
                        "aws_customer_gateway.aws-cgw"
                    ],
                    "primary": {
                        "id": "europe-west2/gcp-router2",
                        "attributes": {
                            "bgp.#": "1",
                            "bgp.0.advertise_mode": "DEFAULT",
                            "bgp.0.advertised_groups.#": "0",
                            "bgp.0.advertised_ip_ranges.#": "0",
                            "bgp.0.asn": "65000",
                            "creation_timestamp": "2019-01-30T08:38:06.423-08:00",
                            "description": "",
                            "id": "europe-west2/gcp-router2",
                            "name": "gcp-router2",
                            "network": "https://www.googleapis.com/compute/v1/projects/kudos-spikes/global/networks/default",
                            "project": "kudos-spikes",
                            "region": "europe-west2",
                            "self_link": "https://www.googleapis.com/compute/v1/projects/kudos-spikes/regions/europe-west2/routers/gcp-router2"
                        },
                        "meta": {
                            "e2bfb730-ecaa-11e6-8f88-34363bc7c4c0": {
                                "create": 240000000000,
                                "delete": 240000000000,
                                "update": 240000000000
                            }
                        },
                        "tainted": false
                    },
                    "deposed": [],
                    "provider": "provider.google"
                },
                "google_compute_router_interface.router_interface1": {
                    "type": "google_compute_router_interface",
                    "depends_on": [
                        "aws_vpn_connection.aws-vpn-connection1",
                        "google_compute_router.gcp-router1",
                        "google_compute_vpn_tunnel.gcp-tunnel1"
                    ],
                    "primary": {
                        "id": "europe-west2/gcp-router1/gcp-to-aws-interface1",
                        "attributes": {
                            "id": "europe-west2/gcp-router1/gcp-to-aws-interface1",
                            "ip_range": "169.254.20.206/30",
                            "name": "gcp-to-aws-interface1",
                            "project": "kudos-spikes",
                            "region": "europe-west2",
                            "router": "gcp-router1",
                            "vpn_tunnel": "https://www.googleapis.com/compute/v1/projects/kudos-spikes/regions/europe-west2/vpnTunnels/gcp-tunnel1"
                        },
                        "meta": {},
                        "tainted": false
                    },
                    "deposed": [],
                    "provider": "provider.google"
                },
                "google_compute_router_interface.router_interface2": {
                    "type": "google_compute_router_interface",
                    "depends_on": [
                        "aws_vpn_connection.aws-vpn-connection1",
                        "google_compute_router.gcp-router2",
                        "google_compute_vpn_tunnel.gcp-tunnel2"
                    ],
                    "primary": {
                        "id": "europe-west2/gcp-router2/gcp-to-aws-interface2",
                        "attributes": {
                            "id": "europe-west2/gcp-router2/gcp-to-aws-interface2",
                            "ip_range": "169.254.20.114/30",
                            "name": "gcp-to-aws-interface2",
                            "project": "kudos-spikes",
                            "region": "europe-west2",
                            "router": "gcp-router2",
                            "vpn_tunnel": "https://www.googleapis.com/compute/v1/projects/kudos-spikes/regions/europe-west2/vpnTunnels/gcp-tunnel2"
                        },
                        "meta": {},
                        "tainted": false
                    },
                    "deposed": [],
                    "provider": "provider.google"
                },
                "google_compute_router_peer.gcp-router1-peer": {
                    "type": "google_compute_router_peer",
                    "depends_on": [
                        "aws_vpn_connection.aws-vpn-connection1",
                        "google_compute_router.gcp-router1",
                        "google_compute_router_interface.router_interface1"
                    ],
                    "primary": {
                        "id": "europe-west2/gcp-router1/gcp-to-aws-bgp1",
                        "attributes": {
                            "advertised_route_priority": "0",
                            "id": "europe-west2/gcp-router1/gcp-to-aws-bgp1",
                            "interface": "gcp-to-aws-interface1",
                            "ip_address": "169.254.20.206",
                            "name": "gcp-to-aws-bgp1",
                            "peer_asn": "64512",
                            "peer_ip_address": "169.254.20.205",
                            "project": "kudos-spikes",
                            "region": "europe-west2",
                            "router": "gcp-router1"
                        },
                        "meta": {},
                        "tainted": false
                    },
                    "deposed": [],
                    "provider": "provider.google"
                },
                "google_compute_router_peer.gcp-router2-peer": {
                    "type": "google_compute_router_peer",
                    "depends_on": [
                        "aws_vpn_connection.aws-vpn-connection1",
                        "google_compute_router.gcp-router2",
                        "google_compute_router_interface.router_interface2"
                    ],
                    "primary": {
                        "id": "europe-west2/gcp-router2/gcp-to-aws-bgp2",
                        "attributes": {
                            "advertised_route_priority": "0",
                            "id": "europe-west2/gcp-router2/gcp-to-aws-bgp2",
                            "interface": "gcp-to-aws-interface2",
                            "ip_address": "169.254.20.114",
                            "name": "gcp-to-aws-bgp2",
                            "peer_asn": "64512",
                            "peer_ip_address": "169.254.20.113",
                            "project": "kudos-spikes",
                            "region": "europe-west2",
                            "router": "gcp-router2"
                        },
                        "meta": {},
                        "tainted": false
                    },
                    "deposed": [],
                    "provider": "provider.google"
                },
                "google_compute_vpn_gateway.gcp-vpn-gw": {
                    "type": "google_compute_vpn_gateway",
                    "depends_on": [],
                    "primary": {
                        "id": "gcp-vpn-gw-europe-west2",
                        "attributes": {
                            "creation_timestamp": "2019-01-30T08:37:43.348-08:00",
                            "description": "",
                            "id": "gcp-vpn-gw-europe-west2",
                            "name": "gcp-vpn-gw-europe-west2",
                            "network": "https://www.googleapis.com/compute/v1/projects/kudos-spikes/global/networks/default",
                            "project": "kudos-spikes",
                            "region": "europe-west2",
                            "self_link": "https://www.googleapis.com/compute/v1/projects/kudos-spikes/regions/europe-west2/targetVpnGateways/gcp-vpn-gw-europe-west2"
                        },
                        "meta": {
                            "e2bfb730-ecaa-11e6-8f88-34363bc7c4c0": {
                                "create": 240000000000,
                                "delete": 240000000000
                            }
                        },
                        "tainted": false
                    },
                    "deposed": [],
                    "provider": "provider.google"
                },
                "google_compute_vpn_tunnel.gcp-tunnel1": {
                    "type": "google_compute_vpn_tunnel",
                    "depends_on": [
                        "aws_vpn_connection.aws-vpn-connection1",
                        "google_compute_forwarding_rule.fr_esp",
                        "google_compute_forwarding_rule.fr_udp4500",
                        "google_compute_forwarding_rule.fr_udp500",
                        "google_compute_router.gcp-router1",
                        "google_compute_vpn_gateway.gcp-vpn-gw"
                    ],
                    "primary": {
                        "id": "gcp-tunnel1",
                        "attributes": {
                            "creation_timestamp": "2019-01-30T08:42:53.246-08:00",
                            "description": "",
                            "detailed_status": "Tunnel is up and running.",
                            "id": "gcp-tunnel1",
                            "ike_version": "1",
                            "label_fingerprint": "42WmSpB8rSM=",
                            "labels.%": "0",
                            "local_traffic_selector.#": "1",
                            "local_traffic_selector.1080289494": "0.0.0.0/0",
                            "name": "gcp-tunnel1",
                            "peer_ip": "54.246.148.146",
                            "project": "kudos-spikes",
                            "region": "europe-west2",
                            "remote_traffic_selector.#": "1",
                            "remote_traffic_selector.1080289494": "0.0.0.0/0",
                            "router": "gcp-router1",
                            "self_link": "https://www.googleapis.com/compute/v1/projects/kudos-spikes/regions/europe-west2/vpnTunnels/gcp-tunnel1",
                            "shared_secret": "u8UdEBael3dGRuBwJWT0BPBRN2iqfunC",
                            "shared_secret_hash": "AJFwTuX6D7pEDJCskoSoJJGwefCo",
                            "target_vpn_gateway": "https://www.googleapis.com/compute/beta/projects/kudos-spikes/regions/europe-west2/targetVpnGateways/gcp-vpn-gw-europe-west2"
                        },
                        "meta": {
                            "e2bfb730-ecaa-11e6-8f88-34363bc7c4c0": {
                                "create": 240000000000,
                                "delete": 240000000000,
                                "update": 240000000000
                            }
                        },
                        "tainted": false
                    },
                    "deposed": [],
                    "provider": "provider.google"
                },
                "google_compute_vpn_tunnel.gcp-tunnel2": {
                    "type": "google_compute_vpn_tunnel",
                    "depends_on": [
                        "aws_vpn_connection.aws-vpn-connection1",
                        "google_compute_forwarding_rule.fr_esp",
                        "google_compute_forwarding_rule.fr_udp4500",
                        "google_compute_forwarding_rule.fr_udp500",
                        "google_compute_router.gcp-router2",
                        "google_compute_vpn_gateway.gcp-vpn-gw"
                    ],
                    "primary": {
                        "id": "gcp-tunnel2",
                        "attributes": {
                            "creation_timestamp": "2019-01-30T08:42:52.608-08:00",
                            "description": "",
                            "detailed_status": "Tunnel is up and running.",
                            "id": "gcp-tunnel2",
                            "ike_version": "1",
                            "label_fingerprint": "42WmSpB8rSM=",
                            "labels.%": "0",
                            "local_traffic_selector.#": "1",
                            "local_traffic_selector.1080289494": "0.0.0.0/0",
                            "name": "gcp-tunnel2",
                            "peer_ip": "63.34.150.200",
                            "project": "kudos-spikes",
                            "region": "europe-west2",
                            "remote_traffic_selector.#": "1",
                            "remote_traffic_selector.1080289494": "0.0.0.0/0",
                            "router": "gcp-router2",
                            "self_link": "https://www.googleapis.com/compute/v1/projects/kudos-spikes/regions/europe-west2/vpnTunnels/gcp-tunnel2",
                            "shared_secret": "_95JljshWujHiWO2L0OR8eVwoUc6B5Aj",
                            "shared_secret_hash": "AH53KJ41eDcwyQU4bZM2Mqt8ZqGh",
                            "target_vpn_gateway": "https://www.googleapis.com/compute/beta/projects/kudos-spikes/regions/europe-west2/targetVpnGateways/gcp-vpn-gw-europe-west2"
                        },
                        "meta": {
                            "e2bfb730-ecaa-11e6-8f88-34363bc7c4c0": {
                                "create": 240000000000,
                                "delete": 240000000000,
                                "update": 240000000000
                            }
                        },
                        "tainted": false
                    },
                    "deposed": [],
                    "provider": "provider.google"
                }
            },
            "depends_on": []
        }
    ]
}
